
Microsoft Visual Studio Solution File, Format Version 12.00
# Visual Studio Version 16
VisualStudioVersion = 16.0.30717.126
MinimumVisualStudioVersion = 10.0.40219.1
Project("{FAE04EC0-301F-11D3-BF4B-00C04F79EFBC}") = "PizzaKulesiCodeFirst", "PizzaKulesiCodeFirst\PizzaKulesiCodeFirst.csproj", "{1CFB20B4-D19B-43CA-A519-9F11EA92C434}"
EndProject
Global
	GlobalSection(SolutionConfigurationPlatforms) = preSolution
		Debug|Any CPU = Debug|Any CPU
		Release|Any CPU = Release|Any CPU
	EndGlobalSection
	GlobalSection(ProjectConfigurationPlatforms) = postSolution
		{1CFB20B4-D19B-43CA-A519-9F11EA92C434}.Debug|Any CPU.ActiveCfg = Debug|Any CPU
		{1CFB20B4-D19B-43CA-A519-9F11EA92C434}.Debug|Any CPU.Build.0 = Debug|Any CPU
		{1CFB20B4-D19B-43CA-A519-9F11EA92C434}.Release|Any CPU.ActiveCfg = Release|Any CPU
		{1CFB20B4-D19B-43CA-A519-9F11EA92C434}.Release|Any CPU.Build.0 = Release|Any CPU
	EndGlobalSection
	GlobalSection(SolutionProperties) = preSolution
		HideSolutionNode = FALSE
	EndGlobalSection
	GlobalSection(ExtensibilityGlobals) = postSolution
		SolutionGuid = {76E96E04-54A5-45C2-BF7B-360494714876}
	EndGlobalSection
EndGlobal
